
Microsoft Visual Studio Solution File, Format Version 12.00
# Visual Studio Version 16
VisualStudioVersion = 16.0.30717.126
MinimumVisualStudioVersion = 10.0.40219.1
Project("{FAE04EC0-301F-11D3-BF4B-00C04F79EFBC}") = "witchSaga", "witchSaga.csproj", "{5870836B-2594-4B6E-AA1B-538B4DB35E03}"
EndProject
Global
	GlobalSection(SolutionConfigurationPlatforms) = preSolution
		Debug|Any CPU = Debug|Any CPU
		Release|Any CPU = Release|Any CPU
	EndGlobalSection
	GlobalSection(ProjectConfigurationPlatforms) = postSolution
		{5870836B-2594-4B6E-AA1B-538B4DB35E03}.Debug|Any CPU.ActiveCfg = Debug|Any CPU
		{5870836B-2594-4B6E-AA1B-538B4DB35E03}.Debug|Any CPU.Build.0 = Debug|Any CPU
		{5870836B-2594-4B6E-AA1B-538B4DB35E03}.Release|Any CPU.ActiveCfg = Release|Any CPU
		{5870836B-2594-4B6E-AA1B-538B4DB35E03}.Release|Any CPU.Build.0 = Release|Any CPU
	EndGlobalSection
	GlobalSection(SolutionProperties) = preSolution
		HideSolutionNode = FALSE
	EndGlobalSection
	GlobalSection(ExtensibilityGlobals) = postSolution
		SolutionGuid = {6FF43B79-9105-4A32-A1D1-52591AAEF714}
	EndGlobalSection
EndGlobal
